version: 1.0
shards:
  any_hash:
    github: sija/any_hash.cr
    version: 0.2.2

  autolink:
    github: crystal-community/autolink.cr
    version: 0.1.3

  cache:
    github: mamantoha/cache
    version: 0.0.7

  crest:
    github: mamantoha/crest
    version: 0.13.0

  emoji:
    github: veelenga/emoji.cr
    commit: fe7d16fb8ed0fe0f1824f171f240ae305894e4cf

  exception_page:
    github: crystal-loot/exception_page
    version: 0.1.1

  humanize_time:
    github: mamantoha/humanize_time
    version: 0.3.0

  i18n:
    github: TechMagister/i18n.cr
    commit: d8a8933f6a4eb7d9790c3803cb8bec06c304ea5c

  kemal:
    github: kemalcr/kemal
    commit: e468e2e340f23d0a0e4b0c86c2c3dc1f58c23fdc

  kemal-flash:
    github: neovintage/kemal-flash
    version: 0.1.0

  kemal-session:
    github: kemalcr/kemal-session
    version: 0.10.0

  kilt:
    github: jeromegn/kilt
    version: 0.4.0

  markd:
    github: icyleaf/markd
    version: 0.1.1

  memcached:
    github: comandeo/crystal-memcached
    version: 0.2.2

  radix:
    github: luislavena/radix
    version: 0.3.8

  raven:
    github: mamantoha/raven.cr
    commit: e456fce662cdcde8bd6ec1b4271a62afdcf7c1aa

  redis:
    github: stefanwille/crystal-redis
    version: 1.10.1

  slang:
    github: jeromegn/slang
    commit: f33c23be9d477a07627a124d0b79d6cdb7a9132e

