version: 2.0
shards:
  admiral:
    git: https://github.com/jwaldrip/admiral.cr.git
    version: 1.12.1

  ameba:
    git: https://github.com/crystal-ameba/ameba.git
    version: 1.4.3+git.commit.8c9d234d0b06d945d0cf841dfa0596734acc715c

  any_hash:
    git: https://github.com/sija/any_hash.cr.git
    version: 0.2.5

  autolink:
    git: https://github.com/crystal-community/autolink.cr.git
    version: 0.1.3

  backtracer:
    git: https://github.com/sija/backtracer.cr.git
    version: 1.2.2

  cache:
    git: https://github.com/crystal-cache/cache.git
    version: 0.14.0

  cadmium_transliterator:
    git: https://github.com/cadmiumcr/transliterator.git
    version: 0.1.0+git.commit.46c4c14594057dbcfaf27e7e7c8c164d3f0ce3f1

  clear:
    git: https://github.com/crystal-garage/clear.git
    version: 0.8.17+git.commit.7f85345dca752b0c059b202cb53ee9262e4fac0f

  cmark:
    git: https://github.com/amauryt/cr-cmark-gfm.git
    version: 0.1.3+git.commit.a1dddcf35252c82b2fe55239ab198ad8239e8a33

  crest:
    git: https://github.com/mamantoha/crest.git
    version: 1.3.11

  db:
    git: https://github.com/crystal-lang/crystal-db.git
    version: 0.12.0

  delegator:
    git: https://github.com/schniz/delegator.cr.git
    version: 0.1.0

  dotenv:
    git: https://github.com/gdotdesign/cr-dotenv.git
    version: 1.0.0+git.commit.cb70a7111043fa37e09dce3e4b6db17fd5c6ce54

  emoji:
    git: https://github.com/veelenga/emoji.cr.git
    version: 0.5.0+git.commit.78b46a18a5672de185690568f6d36d753bd6bacf

  exception_page:
    git: https://github.com/crystal-loot/exception_page.git
    version: 0.3.1

  generate:
    git: https://github.com/anykeyh/generate.cr.git
    version: 0.1.0+git.commit.f5dafc934a70e0ee2f246dddf3df44686f844da2

  http-client-digest_auth:
    git: https://github.com/mamantoha/http-client-digest_auth.git
    version: 0.6.0

  http_proxy:
    git: https://github.com/mamantoha/http_proxy.git
    version: 0.10.1

  humanize_time:
    git: https://github.com/mamantoha/humanize_time.git
    version: 0.12.2

  i18n:
    git: https://github.com/crystal-i18n/i18n.git
    version: 0.2.1

  inflector:
    git: https://github.com/phoffer/inflector.cr.git
    version: 1.0.0

  kemal:
    git: https://github.com/kemalcr/kemal.git
    version: 1.4.0

  kemal-flash:
    git: https://github.com/crystal-garage/kemal-flash.git
    version: 0.2.0

  kemal-kilt:
    git: https://github.com/crystal-garage/kemal-kilt.git
    version: 0.1.1

  kemal-session:
    git: https://github.com/kemalcr/kemal-session.git
    version: 1.0.0

  kemal-session-redis-engine:
    git: https://github.com/crystal-garage/kemal-session-redis-engine.git
    version: 1.1.0+git.commit.b1ff50c814ae31cf9123c306882274cbf66e1b71

  kilt:
    git: https://github.com/jeromegn/kilt.git
    version: 0.6.1

  mosquito:
    git: https://github.com/mosquito-cr/mosquito.git
    version: 1.0.0+git.commit.8dc8629cc3163c60a90f95004d26661634c7e4a0

  multi_auth:
    git: https://github.com/msa7/multi_auth.git
    version: 1.1.1+git.commit.7a3244200ec0cc34aef6680783eb3d11ce79d84e

  noir:
    git: https://github.com/makenowjust/noir.git
    version: 0.1.0+git.commit.2508cdec22f4ec61e87a19d9ec563b99c0faa1f0

  pg:
    git: https://github.com/will/crystal-pg.git
    version: 0.27.0

  radix:
    git: https://github.com/luislavena/radix.git
    version: 0.4.1

  raven:
    git: https://github.com/sija/raven.cr.git
    version: 1.9.3

  redis:
    git: https://github.com/jgaskins/redis.git
    version: 0.6.1

  retriable:
    git: https://github.com/sija/retriable.cr.git
    version: 0.2.4

  shards_spec:
    git: https://github.com/mamantoha/shards_spec.git
    version: 0.2.4

  slang:
    git: https://github.com/jeromegn/slang.git
    version: 1.7.3+git.commit.f038a6c9725065ffd9b035f9c402390a2150d519

  spec-kemal:
    git: https://github.com/kemalcr/spec-kemal.git
    version: 1.0.0

  time_by_example:
    git: https://github.com/mamantoha/time_by_example.git
    version: 0.1.0

  time_duration:
    git: https://github.com/mamantoha/time_duration.git
    version: 0.1.0

  time_zone:
    git: https://github.com/mamantoha/time_zone.git
    version: 0.1.1

