version: 1.0
shards:
  any_hash:
    github: Sija/any_hash.cr
    version: 0.2.3

  autolink:
    github: crystal-community/autolink.cr
    version: 0.1.3

  cache:
    github: mamantoha/cache
    version: 0.3.1

  common_marker:
    github: mamantoha/crystal-cmark-gfm
    commit: 70cb006c79ac6649c82659836f88e6c9d0f6cd52

  crest:
    github: mamantoha/crest
    version: 0.21.0

  emoji:
    github: veelenga/emoji.cr
    commit: 22c147f37333a94249eac7ce54e7e9f1c4999838

  exception_page:
    github: crystal-loot/exception_page
    version: 0.1.2

  humanize_time:
    github: mamantoha/humanize_time
    version: 0.3.0

  i18n:
    github: TechMagister/i18n.cr
    commit: ed60fa3268a8e319c7a6c9a01dab519dd47846a7

  kemal:
    github: kemalcr/kemal
    version: 0.26.0

  kemal-flash:
    github: neovintage/kemal-flash
    version: 0.1.0

  kemal-session:
    github: kemalcr/kemal-session
    version: 0.11.1

  kilt:
    github: jeromegn/kilt
    version: 0.4.0

  memcached:
    github: comandeo/crystal-memcached
    version: 0.2.2

  pool:
    github: ysbaddaden/pool
    version: 0.2.3

  radix:
    github: luislavena/radix
    version: 0.3.9

  raven:
    github: Sija/raven.cr
    version: 1.5.0

  redis:
    github: stefanwille/crystal-redis
    version: 2.1.1

  slang:
    github: jeromegn/slang
    commit: f33c23be9d477a07627a124d0b79d6cdb7a9132e

  spec-kemal:
    github: kemalcr/spec-kemal
    version: 0.5.0

